
Microsoft Visual Studio Solution File, Format Version 12.00
# Visual Studio Version 16
VisualStudioVersion = 16.0.30128.74
MinimumVisualStudioVersion = 10.0.40219.1
Project("{9A19103F-16F7-4668-BE54-9A1E7A4F7556}") = "Soccer.Common", "Soccer.Common\Soccer.Common.csproj", "{EE02DE2E-6D49-4168-BA0B-757A61165E54}"
EndProject
Project("{9A19103F-16F7-4668-BE54-9A1E7A4F7556}") = "Soccer.Web", "Soccer.Web\Soccer.Web.csproj", "{A041B03F-EB7C-4ECC-841B-C3FA6532023C}"
EndProject
Project("{FAE04EC0-301F-11D3-BF4B-00C04F79EFBC}") = "Soccer.Prism", "Soccer.Prism\Soccer.Prism\Soccer.Prism.csproj", "{EA9A1D96-6D7D-4F79-A10B-F6F7A7EBF116}"
EndProject
Project("{FAE04EC0-301F-11D3-BF4B-00C04F79EFBC}") = "Soccer.Prism.Android", "Soccer.Prism\Soccer.Prism.Android\Soccer.Prism.Android.csproj", "{31C4B8BA-08FF-44C1-80C9-BD9B6AFC5855}"
EndProject
Project("{FAE04EC0-301F-11D3-BF4B-00C04F79EFBC}") = "Soccer.Prism.iOS", "Soccer.Prism\Soccer.Prism.iOS\Soccer.Prism.iOS.csproj", "{B5F33393-6F21-4373-A1FF-B12D121C4D77}"
EndProject
Project("{FAE04EC0-301F-11D3-BF4B-00C04F79EFBC}") = "Soccer.Cross.Android", "Soccer.Cross.Android\Soccer.Cross.Android.csproj", "{60B0F04F-806C-4502-99E4-9D470C5B433B}"
EndProject
Project("{FAE04EC0-301F-11D3-BF4B-00C04F79EFBC}") = "Soccer.Cross.iOS", "Soccer.Cross.iOS\Soccer.Cross.iOS.csproj", "{58D8AD50-AB50-46AB-AEB5-03A0F2AE4BDD}"
EndProject
Global
	GlobalSection(SolutionConfigurationPlatforms) = preSolution
		Ad-Hoc|Any CPU = Ad-Hoc|Any CPU
		Ad-Hoc|iPhone = Ad-Hoc|iPhone
		Ad-Hoc|iPhoneSimulator = Ad-Hoc|iPhoneSimulator
		AppStore|Any CPU = AppStore|Any CPU
		AppStore|iPhone = AppStore|iPhone
		AppStore|iPhoneSimulator = AppStore|iPhoneSimulator
		Debug|Any CPU = Debug|Any CPU
		Debug|iPhone = Debug|iPhone
		Debug|iPhoneSimulator = Debug|iPhoneSimulator
		Release|Any CPU = Release|Any CPU
		Release|iPhone = Release|iPhone
		Release|iPhoneSimulator = Release|iPhoneSimulator
	EndGlobalSection
	GlobalSection(ProjectConfigurationPlatforms) = postSolution
		{EE02DE2E-6D49-4168-BA0B-757A61165E54}.Ad-Hoc|Any CPU.ActiveCfg = Release|Any CPU
		{EE02DE2E-6D49-4168-BA0B-757A61165E54}.Ad-Hoc|Any CPU.Build.0 = Release|Any CPU
		{EE02DE2E-6D49-4168-BA0B-757A61165E54}.Ad-Hoc|iPhone.ActiveCfg = Release|Any CPU
		{EE02DE2E-6D49-4168-BA0B-757A61165E54}.Ad-Hoc|iPhone.Build.0 = Release|Any CPU
		{EE02DE2E-6D49-4168-BA0B-757A61165E54}.Ad-Hoc|iPhoneSimulator.ActiveCfg = Release|Any CPU
		{EE02DE2E-6D49-4168-BA0B-757A61165E54}.Ad-Hoc|iPhoneSimulator.Build.0 = Release|Any CPU
		{EE02DE2E-6D49-4168-BA0B-757A61165E54}.AppStore|Any CPU.ActiveCfg = Release|Any CPU
		{EE02DE2E-6D49-4168-BA0B-757A61165E54}.AppStore|Any CPU.Build.0 = Release|Any CPU
		{EE02DE2E-6D49-4168-BA0B-757A61165E54}.AppStore|iPhone.ActiveCfg = Release|Any CPU
		{EE02DE2E-6D49-4168-BA0B-757A61165E54}.AppStore|iPhone.Build.0 = Release|Any CPU
		{EE02DE2E-6D49-4168-BA0B-757A61165E54}.AppStore|iPhoneSimulator.ActiveCfg = Release|Any CPU
		{EE02DE2E-6D49-4168-BA0B-757A61165E54}.AppStore|iPhoneSimulator.Build.0 = Release|Any CPU
		{EE02DE2E-6D49-4168-BA0B-757A61165E54}.Debug|Any CPU.ActiveCfg = Debug|Any CPU
		{EE02DE2E-6D49-4168-BA0B-757A61165E54}.Debug|Any CPU.Build.0 = Debug|Any CPU
		{EE02DE2E-6D49-4168-BA0B-757A61165E54}.Debug|iPhone.ActiveCfg = Debug|Any CPU
		{EE02DE2E-6D49-4168-BA0B-757A61165E54}.Debug|iPhone.Build.0 = Debug|Any CPU
		{EE02DE2E-6D49-4168-BA0B-757A61165E54}.Debug|iPhoneSimulator.ActiveCfg = Debug|Any CPU
		{EE02DE2E-6D49-4168-BA0B-757A61165E54}.Debug|iPhoneSimulator.Build.0 = Debug|Any CPU
		{EE02DE2E-6D49-4168-BA0B-757A61165E54}.Release|Any CPU.ActiveCfg = Release|Any CPU
		{EE02DE2E-6D49-4168-BA0B-757A61165E54}.Release|Any CPU.Build.0 = Release|Any CPU
		{EE02DE2E-6D49-4168-BA0B-757A61165E54}.Release|iPhone.ActiveCfg = Release|Any CPU
		{EE02DE2E-6D49-4168-BA0B-757A61165E54}.Release|iPhone.Build.0 = Release|Any CPU
		{EE02DE2E-6D49-4168-BA0B-757A61165E54}.Release|iPhoneSimulator.ActiveCfg = Release|Any CPU
		{EE02DE2E-6D49-4168-BA0B-757A61165E54}.Release|iPhoneSimulator.Build.0 = Release|Any CPU
		{A041B03F-EB7C-4ECC-841B-C3FA6532023C}.Ad-Hoc|Any CPU.ActiveCfg = Release|Any CPU
		{A041B03F-EB7C-4ECC-841B-C3FA6532023C}.Ad-Hoc|Any CPU.Build.0 = Release|Any CPU
		{A041B03F-EB7C-4ECC-841B-C3FA6532023C}.Ad-Hoc|iPhone.ActiveCfg = Release|Any CPU
		{A041B03F-EB7C-4ECC-841B-C3FA6532023C}.Ad-Hoc|iPhone.Build.0 = Release|Any CPU
		{A041B03F-EB7C-4ECC-841B-C3FA6532023C}.Ad-Hoc|iPhoneSimulator.ActiveCfg = Release|Any CPU
		{A041B03F-EB7C-4ECC-841B-C3FA6532023C}.Ad-Hoc|iPhoneSimulator.Build.0 = Release|Any CPU
		{A041B03F-EB7C-4ECC-841B-C3FA6532023C}.AppStore|Any CPU.ActiveCfg = Release|Any CPU
		{A041B03F-EB7C-4ECC-841B-C3FA6532023C}.AppStore|Any CPU.Build.0 = Release|Any CPU
		{A041B03F-EB7C-4ECC-841B-C3FA6532023C}.AppStore|iPhone.ActiveCfg = Release|Any CPU
		{A041B03F-EB7C-4ECC-841B-C3FA6532023C}.AppStore|iPhone.Build.0 = Release|Any CPU
		{A041B03F-EB7C-4ECC-841B-C3FA6532023C}.AppStore|iPhoneSimulator.ActiveCfg = Release|Any CPU
		{A041B03F-EB7C-4ECC-841B-C3FA6532023C}.AppStore|iPhoneSimulator.Build.0 = Release|Any CPU
		{A041B03F-EB7C-4ECC-841B-C3FA6532023C}.Debug|Any CPU.ActiveCfg = Debug|Any CPU
		{A041B03F-EB7C-4ECC-841B-C3FA6532023C}.Debug|Any CPU.Build.0 = Debug|Any CPU
		{A041B03F-EB7C-4ECC-841B-C3FA6532023C}.Debug|iPhone.ActiveCfg = Debug|Any CPU
		{A041B03F-EB7C-4ECC-841B-C3FA6532023C}.Debug|iPhone.Build.0 = Debug|Any CPU
		{A041B03F-EB7C-4ECC-841B-C3FA6532023C}.Debug|iPhoneSimulator.ActiveCfg = Debug|Any CPU
		{A041B03F-EB7C-4ECC-841B-C3FA6532023C}.Debug|iPhoneSimulator.Build.0 = Debug|Any CPU
		{A041B03F-EB7C-4ECC-841B-C3FA6532023C}.Release|Any CPU.ActiveCfg = Release|Any CPU
		{A041B03F-EB7C-4ECC-841B-C3FA6532023C}.Release|Any CPU.Build.0 = Release|Any CPU
		{A041B03F-EB7C-4ECC-841B-C3FA6532023C}.Release|iPhone.ActiveCfg = Release|Any CPU
		{A041B03F-EB7C-4ECC-841B-C3FA6532023C}.Release|iPhone.Build.0 = Release|Any CPU
		{A041B03F-EB7C-4ECC-841B-C3FA6532023C}.Release|iPhoneSimulator.ActiveCfg = Release|Any CPU
		{A041B03F-EB7C-4ECC-841B-C3FA6532023C}.Release|iPhoneSimulator.Build.0 = Release|Any CPU
		{EA9A1D96-6D7D-4F79-A10B-F6F7A7EBF116}.Ad-Hoc|Any CPU.ActiveCfg = Debug|Any CPU
		{EA9A1D96-6D7D-4F79-A10B-F6F7A7EBF116}.Ad-Hoc|Any CPU.Build.0 = Debug|Any CPU
		{EA9A1D96-6D7D-4F79-A10B-F6F7A7EBF116}.Ad-Hoc|iPhone.ActiveCfg = Debug|Any CPU
		{EA9A1D96-6D7D-4F79-A10B-F6F7A7EBF116}.Ad-Hoc|iPhone.Build.0 = Debug|Any CPU
		{EA9A1D96-6D7D-4F79-A10B-F6F7A7EBF116}.Ad-Hoc|iPhoneSimulator.ActiveCfg = Debug|Any CPU
		{EA9A1D96-6D7D-4F79-A10B-F6F7A7EBF116}.Ad-Hoc|iPhoneSimulator.Build.0 = Debug|Any CPU
		{EA9A1D96-6D7D-4F79-A10B-F6F7A7EBF116}.AppStore|Any CPU.ActiveCfg = Debug|Any CPU
		{EA9A1D96-6D7D-4F79-A10B-F6F7A7EBF116}.AppStore|Any CPU.Build.0 = Debug|Any CPU
		{EA9A1D96-6D7D-4F79-A10B-F6F7A7EBF116}.AppStore|iPhone.ActiveCfg = Debug|Any CPU
		{EA9A1D96-6D7D-4F79-A10B-F6F7A7EBF116}.AppStore|iPhone.Build.0 = Debug|Any CPU
		{EA9A1D96-6D7D-4F79-A10B-F6F7A7EBF116}.AppStore|iPhoneSimulator.ActiveCfg = Debug|Any CPU
		{EA9A1D96-6D7D-4F79-A10B-F6F7A7EBF116}.AppStore|iPhoneSimulator.Build.0 = Debug|Any CPU
		{EA9A1D96-6D7D-4F79-A10B-F6F7A7EBF116}.Debug|Any CPU.ActiveCfg = Debug|Any CPU
		{EA9A1D96-6D7D-4F79-A10B-F6F7A7EBF116}.Debug|Any CPU.Build.0 = Debug|Any CPU
		{EA9A1D96-6D7D-4F79-A10B-F6F7A7EBF116}.Debug|iPhone.ActiveCfg = Debug|Any CPU
		{EA9A1D96-6D7D-4F79-A10B-F6F7A7EBF116}.Debug|iPhone.Build.0 = Debug|Any CPU
		{EA9A1D96-6D7D-4F79-A10B-F6F7A7EBF116}.Debug|iPhoneSimulator.ActiveCfg = Debug|Any CPU
		{EA9A1D96-6D7D-4F79-A10B-F6F7A7EBF116}.Debug|iPhoneSimulator.Build.0 = Debug|Any CPU
		{EA9A1D96-6D7D-4F79-A10B-F6F7A7EBF116}.Release|Any CPU.ActiveCfg = Release|Any CPU
		{EA9A1D96-6D7D-4F79-A10B-F6F7A7EBF116}.Release|Any CPU.Build.0 = Release|Any CPU
		{EA9A1D96-6D7D-4F79-A10B-F6F7A7EBF116}.Release|iPhone.ActiveCfg = Release|Any CPU
		{EA9A1D96-6D7D-4F79-A10B-F6F7A7EBF116}.Release|iPhone.Build.0 = Release|Any CPU
		{EA9A1D96-6D7D-4F79-A10B-F6F7A7EBF116}.Release|iPhoneSimulator.ActiveCfg = Release|Any CPU
		{EA9A1D96-6D7D-4F79-A10B-F6F7A7EBF116}.Release|iPhoneSimulator.Build.0 = Release|Any CPU
		{31C4B8BA-08FF-44C1-80C9-BD9B6AFC5855}.Ad-Hoc|Any CPU.ActiveCfg = Release|Any CPU
		{31C4B8BA-08FF-44C1-80C9-BD9B6AFC5855}.Ad-Hoc|Any CPU.Build.0 = Release|Any CPU
		{31C4B8BA-08FF-44C1-80C9-BD9B6AFC5855}.Ad-Hoc|Any CPU.Deploy.0 = Release|Any CPU
		{31C4B8BA-08FF-44C1-80C9-BD9B6AFC5855}.Ad-Hoc|iPhone.ActiveCfg = Release|Any CPU
		{31C4B8BA-08FF-44C1-80C9-BD9B6AFC5855}.Ad-Hoc|iPhone.Build.0 = Release|Any CPU
		{31C4B8BA-08FF-44C1-80C9-BD9B6AFC5855}.Ad-Hoc|iPhone.Deploy.0 = Release|Any CPU
		{31C4B8BA-08FF-44C1-80C9-BD9B6AFC5855}.Ad-Hoc|iPhoneSimulator.ActiveCfg = Release|Any CPU
		{31C4B8BA-08FF-44C1-80C9-BD9B6AFC5855}.Ad-Hoc|iPhoneSimulator.Build.0 = Release|Any CPU
		{31C4B8BA-08FF-44C1-80C9-BD9B6AFC5855}.Ad-Hoc|iPhoneSimulator.Deploy.0 = Release|Any CPU
		{31C4B8BA-08FF-44C1-80C9-BD9B6AFC5855}.AppStore|Any CPU.ActiveCfg = Release|Any CPU
		{31C4B8BA-08FF-44C1-80C9-BD9B6AFC5855}.AppStore|Any CPU.Build.0 = Release|Any CPU
		{31C4B8BA-08FF-44C1-80C9-BD9B6AFC5855}.AppStore|Any CPU.Deploy.0 = Release|Any CPU
		{31C4B8BA-08FF-44C1-80C9-BD9B6AFC5855}.AppStore|iPhone.ActiveCfg = Release|Any CPU
		{31C4B8BA-08FF-44C1-80C9-BD9B6AFC5855}.AppStore|iPhone.Build.0 = Release|Any CPU
		{31C4B8BA-08FF-44C1-80C9-BD9B6AFC5855}.AppStore|iPhone.Deploy.0 = Release|Any CPU
		{31C4B8BA-08FF-44C1-80C9-BD9B6AFC5855}.AppStore|iPhoneSimulator.ActiveCfg = Release|Any CPU
		{31C4B8BA-08FF-44C1-80C9-BD9B6AFC5855}.AppStore|iPhoneSimulator.Build.0 = Release|Any CPU
		{31C4B8BA-08FF-44C1-80C9-BD9B6AFC5855}.AppStore|iPhoneSimulator.Deploy.0 = Release|Any CPU
		{31C4B8BA-08FF-44C1-80C9-BD9B6AFC5855}.Debug|Any CPU.ActiveCfg = Debug|Any CPU
		{31C4B8BA-08FF-44C1-80C9-BD9B6AFC5855}.Debug|Any CPU.Build.0 = Debug|Any CPU
		{31C4B8BA-08FF-44C1-80C9-BD9B6AFC5855}.Debug|Any CPU.Deploy.0 = Debug|Any CPU
		{31C4B8BA-08FF-44C1-80C9-BD9B6AFC5855}.Debug|iPhone.ActiveCfg = Debug|Any CPU
		{31C4B8BA-08FF-44C1-80C9-BD9B6AFC5855}.Debug|iPhone.Build.0 = Debug|Any CPU
		{31C4B8BA-08FF-44C1-80C9-BD9B6AFC5855}.Debug|iPhone.Deploy.0 = Debug|Any CPU
		{31C4B8BA-08FF-44C1-80C9-BD9B6AFC5855}.Debug|iPhoneSimulator.ActiveCfg = Debug|Any CPU
		{31C4B8BA-08FF-44C1-80C9-BD9B6AFC5855}.Debug|iPhoneSimulator.Build.0 = Debug|Any CPU
		{31C4B8BA-08FF-44C1-80C9-BD9B6AFC5855}.Debug|iPhoneSimulator.Deploy.0 = Debug|Any CPU
		{31C4B8BA-08FF-44C1-80C9-BD9B6AFC5855}.Release|Any CPU.ActiveCfg = Release|Any CPU
		{31C4B8BA-08FF-44C1-80C9-BD9B6AFC5855}.Release|Any CPU.Build.0 = Release|Any CPU
		{31C4B8BA-08FF-44C1-80C9-BD9B6AFC5855}.Release|Any CPU.Deploy.0 = Release|Any CPU
		{31C4B8BA-08FF-44C1-80C9-BD9B6AFC5855}.Release|iPhone.ActiveCfg = Release|Any CPU
		{31C4B8BA-08FF-44C1-80C9-BD9B6AFC5855}.Release|iPhone.Build.0 = Release|Any CPU
		{31C4B8BA-08FF-44C1-80C9-BD9B6AFC5855}.Release|iPhone.Deploy.0 = Release|Any CPU
		{31C4B8BA-08FF-44C1-80C9-BD9B6AFC5855}.Release|iPhoneSimulator.ActiveCfg = Release|Any CPU
		{31C4B8BA-08FF-44C1-80C9-BD9B6AFC5855}.Release|iPhoneSimulator.Build.0 = Release|Any CPU
		{31C4B8BA-08FF-44C1-80C9-BD9B6AFC5855}.Release|iPhoneSimulator.Deploy.0 = Release|Any CPU
		{B5F33393-6F21-4373-A1FF-B12D121C4D77}.Ad-Hoc|Any CPU.ActiveCfg = Ad-Hoc|iPhone
		{B5F33393-6F21-4373-A1FF-B12D121C4D77}.Ad-Hoc|iPhone.ActiveCfg = Ad-Hoc|iPhone
		{B5F33393-6F21-4373-A1FF-B12D121C4D77}.Ad-Hoc|iPhone.Build.0 = Ad-Hoc|iPhone
		{B5F33393-6F21-4373-A1FF-B12D121C4D77}.Ad-Hoc|iPhoneSimulator.ActiveCfg = Ad-Hoc|iPhoneSimulator
		{B5F33393-6F21-4373-A1FF-B12D121C4D77}.Ad-Hoc|iPhoneSimulator.Build.0 = Ad-Hoc|iPhoneSimulator
		{B5F33393-6F21-4373-A1FF-B12D121C4D77}.AppStore|Any CPU.ActiveCfg = AppStore|iPhone
		{B5F33393-6F21-4373-A1FF-B12D121C4D77}.AppStore|iPhone.ActiveCfg = AppStore|iPhone
		{B5F33393-6F21-4373-A1FF-B12D121C4D77}.AppStore|iPhone.Build.0 = AppStore|iPhone
		{B5F33393-6F21-4373-A1FF-B12D121C4D77}.AppStore|iPhoneSimulator.ActiveCfg = AppStore|iPhoneSimulator
		{B5F33393-6F21-4373-A1FF-B12D121C4D77}.AppStore|iPhoneSimulator.Build.0 = AppStore|iPhoneSimulator
		{B5F33393-6F21-4373-A1FF-B12D121C4D77}.Debug|Any CPU.ActiveCfg = Debug|iPhone
		{B5F33393-6F21-4373-A1FF-B12D121C4D77}.Debug|iPhone.ActiveCfg = Debug|iPhone
		{B5F33393-6F21-4373-A1FF-B12D121C4D77}.Debug|iPhone.Build.0 = Debug|iPhone
		{B5F33393-6F21-4373-A1FF-B12D121C4D77}.Debug|iPhoneSimulator.ActiveCfg = Debug|iPhoneSimulator
		{B5F33393-6F21-4373-A1FF-B12D121C4D77}.Debug|iPhoneSimulator.Build.0 = Debug|iPhoneSimulator
		{B5F33393-6F21-4373-A1FF-B12D121C4D77}.Release|Any CPU.ActiveCfg = Release|iPhone
		{B5F33393-6F21-4373-A1FF-B12D121C4D77}.Release|iPhone.ActiveCfg = Release|iPhone
		{B5F33393-6F21-4373-A1FF-B12D121C4D77}.Release|iPhone.Build.0 = Release|iPhone
		{B5F33393-6F21-4373-A1FF-B12D121C4D77}.Release|iPhoneSimulator.ActiveCfg = Release|iPhoneSimulator
		{B5F33393-6F21-4373-A1FF-B12D121C4D77}.Release|iPhoneSimulator.Build.0 = Release|iPhoneSimulator
		{60B0F04F-806C-4502-99E4-9D470C5B433B}.Ad-Hoc|Any CPU.ActiveCfg = Release|Any CPU
		{60B0F04F-806C-4502-99E4-9D470C5B433B}.Ad-Hoc|Any CPU.Build.0 = Release|Any CPU
		{60B0F04F-806C-4502-99E4-9D470C5B433B}.Ad-Hoc|Any CPU.Deploy.0 = Release|Any CPU
		{60B0F04F-806C-4502-99E4-9D470C5B433B}.Ad-Hoc|iPhone.ActiveCfg = Release|Any CPU
		{60B0F04F-806C-4502-99E4-9D470C5B433B}.Ad-Hoc|iPhone.Build.0 = Release|Any CPU
		{60B0F04F-806C-4502-99E4-9D470C5B433B}.Ad-Hoc|iPhone.Deploy.0 = Release|Any CPU
		{60B0F04F-806C-4502-99E4-9D470C5B433B}.Ad-Hoc|iPhoneSimulator.ActiveCfg = Release|Any CPU
		{60B0F04F-806C-4502-99E4-9D470C5B433B}.Ad-Hoc|iPhoneSimulator.Build.0 = Release|Any CPU
		{60B0F04F-806C-4502-99E4-9D470C5B433B}.Ad-Hoc|iPhoneSimulator.Deploy.0 = Release|Any CPU
		{60B0F04F-806C-4502-99E4-9D470C5B433B}.AppStore|Any CPU.ActiveCfg = Release|Any CPU
		{60B0F04F-806C-4502-99E4-9D470C5B433B}.AppStore|Any CPU.Build.0 = Release|Any CPU
		{60B0F04F-806C-4502-99E4-9D470C5B433B}.AppStore|Any CPU.Deploy.0 = Release|Any CPU
		{60B0F04F-806C-4502-99E4-9D470C5B433B}.AppStore|iPhone.ActiveCfg = Release|Any CPU
		{60B0F04F-806C-4502-99E4-9D470C5B433B}.AppStore|iPhone.Build.0 = Release|Any CPU
		{60B0F04F-806C-4502-99E4-9D470C5B433B}.AppStore|iPhone.Deploy.0 = Release|Any CPU
		{60B0F04F-806C-4502-99E4-9D470C5B433B}.AppStore|iPhoneSimulator.ActiveCfg = Release|Any CPU
		{60B0F04F-806C-4502-99E4-9D470C5B433B}.AppStore|iPhoneSimulator.Build.0 = Release|Any CPU
		{60B0F04F-806C-4502-99E4-9D470C5B433B}.AppStore|iPhoneSimulator.Deploy.0 = Release|Any CPU
		{60B0F04F-806C-4502-99E4-9D470C5B433B}.Debug|Any CPU.ActiveCfg = Debug|Any CPU
		{60B0F04F-806C-4502-99E4-9D470C5B433B}.Debug|Any CPU.Build.0 = Debug|Any CPU
		{60B0F04F-806C-4502-99E4-9D470C5B433B}.Debug|Any CPU.Deploy.0 = Debug|Any CPU
		{60B0F04F-806C-4502-99E4-9D470C5B433B}.Debug|iPhone.ActiveCfg = Debug|Any CPU
		{60B0F04F-806C-4502-99E4-9D470C5B433B}.Debug|iPhone.Build.0 = Debug|Any CPU
		{60B0F04F-806C-4502-99E4-9D470C5B433B}.Debug|iPhone.Deploy.0 = Debug|Any CPU
		{60B0F04F-806C-4502-99E4-9D470C5B433B}.Debug|iPhoneSimulator.ActiveCfg = Debug|Any CPU
		{60B0F04F-806C-4502-99E4-9D470C5B433B}.Debug|iPhoneSimulator.Build.0 = Debug|Any CPU
		{60B0F04F-806C-4502-99E4-9D470C5B433B}.Debug|iPhoneSimulator.Deploy.0 = Debug|Any CPU
		{60B0F04F-806C-4502-99E4-9D470C5B433B}.Release|Any CPU.ActiveCfg = Release|Any CPU
		{60B0F04F-806C-4502-99E4-9D470C5B433B}.Release|Any CPU.Build.0 = Release|Any CPU
		{60B0F04F-806C-4502-99E4-9D470C5B433B}.Release|Any CPU.Deploy.0 = Release|Any CPU
		{60B0F04F-806C-4502-99E4-9D470C5B433B}.Release|iPhone.ActiveCfg = Release|Any CPU
		{60B0F04F-806C-4502-99E4-9D470C5B433B}.Release|iPhone.Build.0 = Release|Any CPU
		{60B0F04F-806C-4502-99E4-9D470C5B433B}.Release|iPhone.Deploy.0 = Release|Any CPU
		{60B0F04F-806C-4502-99E4-9D470C5B433B}.Release|iPhoneSimulator.ActiveCfg = Release|Any CPU
		{60B0F04F-806C-4502-99E4-9D470C5B433B}.Release|iPhoneSimulator.Build.0 = Release|Any CPU
		{60B0F04F-806C-4502-99E4-9D470C5B433B}.Release|iPhoneSimulator.Deploy.0 = Release|Any CPU
		{58D8AD50-AB50-46AB-AEB5-03A0F2AE4BDD}.Ad-Hoc|Any CPU.ActiveCfg = Release|iPhone
		{58D8AD50-AB50-46AB-AEB5-03A0F2AE4BDD}.Ad-Hoc|Any CPU.Build.0 = Release|iPhone
		{58D8AD50-AB50-46AB-AEB5-03A0F2AE4BDD}.Ad-Hoc|iPhone.ActiveCfg = Release|iPhone
		{58D8AD50-AB50-46AB-AEB5-03A0F2AE4BDD}.Ad-Hoc|iPhone.Build.0 = Release|iPhone
		{58D8AD50-AB50-46AB-AEB5-03A0F2AE4BDD}.Ad-Hoc|iPhoneSimulator.ActiveCfg = Release|iPhoneSimulator
		{58D8AD50-AB50-46AB-AEB5-03A0F2AE4BDD}.Ad-Hoc|iPhoneSimulator.Build.0 = Release|iPhoneSimulator
		{58D8AD50-AB50-46AB-AEB5-03A0F2AE4BDD}.AppStore|Any CPU.ActiveCfg = Release|iPhone
		{58D8AD50-AB50-46AB-AEB5-03A0F2AE4BDD}.AppStore|Any CPU.Build.0 = Release|iPhone
		{58D8AD50-AB50-46AB-AEB5-03A0F2AE4BDD}.AppStore|iPhone.ActiveCfg = Release|iPhone
		{58D8AD50-AB50-46AB-AEB5-03A0F2AE4BDD}.AppStore|iPhone.Build.0 = Release|iPhone
		{58D8AD50-AB50-46AB-AEB5-03A0F2AE4BDD}.AppStore|iPhoneSimulator.ActiveCfg = Release|iPhoneSimulator
		{58D8AD50-AB50-46AB-AEB5-03A0F2AE4BDD}.AppStore|iPhoneSimulator.Build.0 = Release|iPhoneSimulator
		{58D8AD50-AB50-46AB-AEB5-03A0F2AE4BDD}.Debug|Any CPU.ActiveCfg = Debug|iPhone
		{58D8AD50-AB50-46AB-AEB5-03A0F2AE4BDD}.Debug|iPhone.ActiveCfg = Debug|iPhone
		{58D8AD50-AB50-46AB-AEB5-03A0F2AE4BDD}.Debug|iPhone.Build.0 = Debug|iPhone
		{58D8AD50-AB50-46AB-AEB5-03A0F2AE4BDD}.Debug|iPhoneSimulator.ActiveCfg = Debug|iPhoneSimulator
		{58D8AD50-AB50-46AB-AEB5-03A0F2AE4BDD}.Debug|iPhoneSimulator.Build.0 = Debug|iPhoneSimulator
		{58D8AD50-AB50-46AB-AEB5-03A0F2AE4BDD}.Release|Any CPU.ActiveCfg = Release|iPhone
		{58D8AD50-AB50-46AB-AEB5-03A0F2AE4BDD}.Release|iPhone.ActiveCfg = Release|iPhone
		{58D8AD50-AB50-46AB-AEB5-03A0F2AE4BDD}.Release|iPhone.Build.0 = Release|iPhone
		{58D8AD50-AB50-46AB-AEB5-03A0F2AE4BDD}.Release|iPhoneSimulator.ActiveCfg = Release|iPhoneSimulator
		{58D8AD50-AB50-46AB-AEB5-03A0F2AE4BDD}.Release|iPhoneSimulator.Build.0 = Release|iPhoneSimulator
	EndGlobalSection
	GlobalSection(SolutionProperties) = preSolution
		HideSolutionNode = FALSE
	EndGlobalSection
	GlobalSection(ExtensibilityGlobals) = postSolution
		SolutionGuid = {3C07B7B4-A587-45B4-B4A1-D360E0B088F5}
	EndGlobalSection
EndGlobal
